// !$*UTF8*$!
{
	archiveVersion = 1;
	classes = {
	};
	objectVersion = 50;
	objects = {

/* Begin PBXBuildFile section */
		E92255942221ACE3006CADEA /* MGPushMessageHandler.h in Headers */ = {isa = PBXBuildFile; fileRef = E922556F2221ACE3006CADEA /* MGPushMessageHandler.h */; settings = {ATTRIBUTES = (Private, ); }; };
		E92255952221ACE3006CADEA /* MGMessenger.h in Headers */ = {isa = PBXBuildFile; fileRef = E92255702221ACE3006CADEA /* MGMessenger.h */; settings = {ATTRIBUTES = (Private, ); }; };
		E92255962221ACE3006CADEA /* MGMars.mm in Sources */ = {isa = PBXBuildFile; fileRef = E92255712221ACE3006CADEA /* MGMars.mm */; };
		E92255972221ACE3006CADEA /* MGMars.h in Headers */ = {isa = PBXBuildFile; fileRef = E92255722221ACE3006CADEA /* MGMars.h */; settings = {ATTRIBUTES = (Public, ); }; };
		E92255982221ACE3006CADEA /* app_callback.mm in Sources */ = {isa = PBXBuildFile; fileRef = E92255742221ACE3006CADEA /* app_callback.mm */; };
		E92255992221ACE3006CADEA /* shortlink_packer.h in Headers */ = {isa = PBXBuildFile; fileRef = E92255752221ACE3006CADEA /* shortlink_packer.h */; };
		E922559A2221ACE3006CADEA /* shortlink_packer.cc in Sources */ = {isa = PBXBuildFile; fileRef = E92255762221ACE3006CADEA /* shortlink_packer.cc */; };
		E922559B2221ACE3006CADEA /* longlink_packer.cc in Sources */ = {isa = PBXBuildFile; fileRef = E92255772221ACE3006CADEA /* longlink_packer.cc */; };
		E922559C2221ACE3006CADEA /* longlink_packer.cc.rewriteme in Resources */ = {isa = PBXBuildFile; fileRef = E92255782221ACE3006CADEA /* longlink_packer.cc.rewriteme */; };
		E922559D2221ACE3006CADEA /* stn_callback.mm in Sources */ = {isa = PBXBuildFile; fileRef = E92255792221ACE3006CADEA /* stn_callback.mm */; };
		E922559E2221ACE3006CADEA /* stn_callback.h in Headers */ = {isa = PBXBuildFile; fileRef = E922557A2221ACE3006CADEA /* stn_callback.h */; };
		E922559F2221ACE3006CADEA /* longlink_packer.h in Headers */ = {isa = PBXBuildFile; fileRef = E922557B2221ACE3006CADEA /* longlink_packer.h */; };
		E92255A02221ACE3006CADEA /* app_callback.h in Headers */ = {isa = PBXBuildFile; fileRef = E922557C2221ACE3006CADEA /* app_callback.h */; };
		E92255A12221ACE3006CADEA /* shortlink_packer.cc.rewriteme in Resources */ = {isa = PBXBuildFile; fileRef = E922557D2221ACE3006CADEA /* shortlink_packer.cc.rewriteme */; };
		E92255A22221ACE3006CADEA /* stnproto_logic.h in Headers */ = {isa = PBXBuildFile; fileRef = E922557E2221ACE3006CADEA /* stnproto_logic.h */; };
		E92255A32221ACE3006CADEA /* LogUtil.m in Sources */ = {isa = PBXBuildFile; fileRef = E92255802221ACE3006CADEA /* LogUtil.m */; };
		E92255A42221ACE3006CADEA /* LogHelper.mm in Sources */ = {isa = PBXBuildFile; fileRef = E92255812221ACE3006CADEA /* LogHelper.mm */; };
		E92255A52221ACE3006CADEA /* LogUtil.h in Headers */ = {isa = PBXBuildFile; fileRef = E92255822221ACE3006CADEA /* LogUtil.h */; };
		E92255A62221ACE3006CADEA /* LogHelper.h in Headers */ = {isa = PBXBuildFile; fileRef = E92255832221ACE3006CADEA /* LogHelper.h */; };
		E92255A72221ACE3006CADEA /* NetworkEvent.m in Sources */ = {isa = PBXBuildFile; fileRef = E92255852221ACE3006CADEA /* NetworkEvent.m */; };
		E92255A82221ACE3006CADEA /* NetworkService.h in Headers */ = {isa = PBXBuildFile; fileRef = E92255862221ACE3006CADEA /* NetworkService.h */; };
		E92255A92221ACE3006CADEA /* NetworkStatus.m in Sources */ = {isa = PBXBuildFile; fileRef = E92255872221ACE3006CADEA /* NetworkStatus.m */; };
		E92255AA2221ACE3006CADEA /* NetworkDelegate.h in Headers */ = {isa = PBXBuildFile; fileRef = E92255882221ACE3006CADEA /* NetworkDelegate.h */; };
		E92255AB2221ACE3006CADEA /* UINotifyDelegate.h in Headers */ = {isa = PBXBuildFile; fileRef = E92255892221ACE3006CADEA /* UINotifyDelegate.h */; };
		E92255AC2221ACE3006CADEA /* CGITask.mm in Sources */ = {isa = PBXBuildFile; fileRef = E922558A2221ACE3006CADEA /* CGITask.mm */; };
		E92255AD2221ACE3006CADEA /* CGITask.h in Headers */ = {isa = PBXBuildFile; fileRef = E922558B2221ACE3006CADEA /* CGITask.h */; };
		E92255AE2221ACE3006CADEA /* CommandID.h in Headers */ = {isa = PBXBuildFile; fileRef = E922558C2221ACE3006CADEA /* CommandID.h */; };
		E92255AF2221ACE3006CADEA /* NetworkEvent.h in Headers */ = {isa = PBXBuildFile; fileRef = E922558D2221ACE3006CADEA /* NetworkEvent.h */; };
		E92255B02221ACE3006CADEA /* PushNotifyDelegate.h in Headers */ = {isa = PBXBuildFile; fileRef = E922558E2221ACE3006CADEA /* PushNotifyDelegate.h */; };
		E92255B12221ACE3006CADEA /* NetworkStatus.h in Headers */ = {isa = PBXBuildFile; fileRef = E922558F2221ACE3006CADEA /* NetworkStatus.h */; };
		E92255B22221ACE3006CADEA /* NetworkService.mm in Sources */ = {isa = PBXBuildFile; fileRef = E92255902221ACE3006CADEA /* NetworkService.mm */; };
		E92255B32221ACE3006CADEA /* MarsGate.h in Headers */ = {isa = PBXBuildFile; fileRef = E92255912221ACE3006CADEA /* MarsGate.h */; settings = {ATTRIBUTES = (Public, ); }; };
		E92255B42221ACE3006CADEA /* MGPushMessageHandler.m in Sources */ = {isa = PBXBuildFile; fileRef = E92255922221ACE3006CADEA /* MGPushMessageHandler.m */; };
		E92255B52221ACE3006CADEA /* MGMessenger.mm in Sources */ = {isa = PBXBuildFile; fileRef = E92255932221ACE3006CADEA /* MGMessenger.mm */; };
		E9FAF5F2221EAC5F00DB6567 /* MarsGate.framework in Frameworks */ = {isa = PBXBuildFile; fileRef = E9FAF5E8221EAC5F00DB6567 /* MarsGate.framework */; };
		E9FAF5F7221EAC5F00DB6567 /* MarsGateTests.m in Sources */ = {isa = PBXBuildFile; fileRef = E9FAF5F6221EAC5F00DB6567 /* MarsGateTests.m */; };
		E9FAF609221EAD1E00DB6567 /* mars.framework in Frameworks */ = {isa = PBXBuildFile; fileRef = E9FAF608221EAD1E00DB6567 /* mars.framework */; };
		E9FAF684221EAFD000DB6567 /* StarGate.h in Headers */ = {isa = PBXBuildFile; fileRef = E9FAF682221EAFD000DB6567 /* StarGate.h */; settings = {ATTRIBUTES = (Public, ); }; };
		E9FAF68D221EB24400DB6567 /* libz.tbd in Frameworks */ = {isa = PBXBuildFile; fileRef = E9FAF68C221EB24400DB6567 /* libz.tbd */; };
		E9FAF68F221EB26600DB6567 /* libresolv.9.tbd in Frameworks */ = {isa = PBXBuildFile; fileRef = E9FAF68E221EB26600DB6567 /* libresolv.9.tbd */; };
		E9FAF690221EB27B00DB6567 /* CoreTelephony.framework in Frameworks */ = {isa = PBXBuildFile; fileRef = E9FAF68A221EB22D00DB6567 /* CoreTelephony.framework */; };
		E9FAF692221EB33900DB6567 /* UIKit.framework in Frameworks */ = {isa = PBXBuildFile; fileRef = E9FAF691221EB33900DB6567 /* UIKit.framework */; };
/* End PBXBuildFile section */

/* Begin PBXContainerItemProxy section */
		E9FAF5F3221EAC5F00DB6567 /* PBXContainerItemProxy */ = {
			isa = PBXContainerItemProxy;
			containerPortal = E9FAF5DF221EAC5F00DB6567 /* Project object */;
			proxyType = 1;
			remoteGlobalIDString = E9FAF5E7221EAC5F00DB6567;
			remoteInfo = MarsGate;
		};
/* End PBXContainerItemProxy section */

/* Begin PBXFileReference section */
		E922556F2221ACE3006CADEA /* MGPushMessageHandler.h */ = {isa = PBXFileReference; fileEncoding = 4; lastKnownFileType = sourcecode.c.h; path = MGPushMessageHandler.h; sourceTree = "<group>"; };
		E92255702221ACE3006CADEA /* MGMessenger.h */ = {isa = PBXFileReference; fileEncoding = 4; lastKnownFileType = sourcecode.c.h; path = MGMessenger.h; sourceTree = "<group>"; };
		E92255712221ACE3006CADEA /* MGMars.mm */ = {isa = PBXFileReference; fileEncoding = 4; lastKnownFileType = sourcecode.cpp.objcpp; path = MGMars.mm; sourceTree = "<group>"; };
		E92255722221ACE3006CADEA /* MGMars.h */ = {isa = PBXFileReference; fileEncoding = 4; lastKnownFileType = sourcecode.c.h; path = MGMars.h; sourceTree = "<group>"; };
		E92255742221ACE3006CADEA /* app_callback.mm */ = {isa = PBXFileReference; fileEncoding = 4; lastKnownFileType = sourcecode.cpp.objcpp; path = app_callback.mm; sourceTree = "<group>"; };
		E92255752221ACE3006CADEA /* shortlink_packer.h */ = {isa = PBXFileReference; fileEncoding = 4; lastKnownFileType = sourcecode.c.h; path = shortlink_packer.h; sourceTree = "<group>"; };
		E92255762221ACE3006CADEA /* shortlink_packer.cc */ = {isa = PBXFileReference; fileEncoding = 4; lastKnownFileType = sourcecode.cpp.cpp; path = shortlink_packer.cc; sourceTree = "<group>"; };
		E92255772221ACE3006CADEA /* longlink_packer.cc */ = {isa = PBXFileReference; fileEncoding = 4; lastKnownFileType = sourcecode.cpp.cpp; path = longlink_packer.cc; sourceTree = "<group>"; };
		E92255782221ACE3006CADEA /* longlink_packer.cc.rewriteme */ = {isa = PBXFileReference; fileEncoding = 4; lastKnownFileType = text; path = longlink_packer.cc.rewriteme; sourceTree = "<group>"; };
		E92255792221ACE3006CADEA /* stn_callback.mm */ = {isa = PBXFileReference; fileEncoding = 4; lastKnownFileType = sourcecode.cpp.objcpp; path = stn_callback.mm; sourceTree = "<group>"; };
		E922557A2221ACE3006CADEA /* stn_callback.h */ = {isa = PBXFileReference; fileEncoding = 4; lastKnownFileType = sourcecode.c.h; path = stn_callback.h; sourceTree = "<group>"; };
		E922557B2221ACE3006CADEA /* longlink_packer.h */ = {isa = PBXFileReference; fileEncoding = 4; lastKnownFileType = sourcecode.c.h; path = longlink_packer.h; sourceTree = "<group>"; };
		E922557C2221ACE3006CADEA /* app_callback.h */ = {isa = PBXFileReference; fileEncoding = 4; lastKnownFileType = sourcecode.c.h; path = app_callback.h; sourceTree = "<group>"; };
		E922557D2221ACE3006CADEA /* shortlink_packer.cc.rewriteme */ = {isa = PBXFileReference; fileEncoding = 4; lastKnownFileType = text; path = shortlink_packer.cc.rewriteme; sourceTree = "<group>"; };
		E922557E2221ACE3006CADEA /* stnproto_logic.h */ = {isa = PBXFileReference; fileEncoding = 4; lastKnownFileType = sourcecode.c.h; path = stnproto_logic.h; sourceTree = "<group>"; };
		E92255802221ACE3006CADEA /* LogUtil.m */ = {isa = PBXFileReference; fileEncoding = 4; lastKnownFileType = sourcecode.c.objc; path = LogUtil.m; sourceTree = "<group>"; };
		E92255812221ACE3006CADEA /* LogHelper.mm */ = {isa = PBXFileReference; fileEncoding = 4; lastKnownFileType = sourcecode.cpp.objcpp; path = LogHelper.mm; sourceTree = "<group>"; };
		E92255822221ACE3006CADEA /* LogUtil.h */ = {isa = PBXFileReference; fileEncoding = 4; lastKnownFileType = sourcecode.c.h; path = LogUtil.h; sourceTree = "<group>"; };
		E92255832221ACE3006CADEA /* LogHelper.h */ = {isa = PBXFileReference; fileEncoding = 4; lastKnownFileType = sourcecode.c.h; path = LogHelper.h; sourceTree = "<group>"; };
		E92255852221ACE3006CADEA /* NetworkEvent.m */ = {isa = PBXFileReference; fileEncoding = 4; lastKnownFileType = sourcecode.c.objc; path = NetworkEvent.m; sourceTree = "<group>"; };
		E92255862221ACE3006CADEA /* NetworkService.h */ = {isa = PBXFileReference; fileEncoding = 4; lastKnownFileType = sourcecode.c.h; path = NetworkService.h; sourceTree = "<group>"; };
		E92255872221ACE3006CADEA /* NetworkStatus.m */ = {isa = PBXFileReference; fileEncoding = 4; lastKnownFileType = sourcecode.c.objc; path = NetworkStatus.m; sourceTree = "<group>"; };
		E92255882221ACE3006CADEA /* NetworkDelegate.h */ = {isa = PBXFileReference; fileEncoding = 4; lastKnownFileType = sourcecode.c.h; path = NetworkDelegate.h; sourceTree = "<group>"; };
		E92255892221ACE3006CADEA /* UINotifyDelegate.h */ = {isa = PBXFileReference; fileEncoding = 4; lastKnownFileType = sourcecode.c.h; path = UINotifyDelegate.h; sourceTree = "<group>"; };
		E922558A2221ACE3006CADEA /* CGITask.mm */ = {isa = PBXFileReference; fileEncoding = 4; lastKnownFileType = sourcecode.cpp.objcpp; path = CGITask.mm; sourceTree = "<group>"; };
		E922558B2221ACE3006CADEA /* CGITask.h */ = {isa = PBXFileReference; fileEncoding = 4; lastKnownFileType = sourcecode.c.h; path = CGITask.h; sourceTree = "<group>"; };
		E922558C2221ACE3006CADEA /* CommandID.h */ = {isa = PBXFileReference; fileEncoding = 4; lastKnownFileType = sourcecode.c.h; path = CommandID.h; sourceTree = "<group>"; };
		E922558D2221ACE3006CADEA /* NetworkEvent.h */ = {isa = PBXFileReference; fileEncoding = 4; lastKnownFileType = sourcecode.c.h; path = NetworkEvent.h; sourceTree = "<group>"; };
		E922558E2221ACE3006CADEA /* PushNotifyDelegate.h */ = {isa = PBXFileReference; fileEncoding = 4; lastKnownFileType = sourcecode.c.h; path = PushNotifyDelegate.h; sourceTree = "<group>"; };
		E922558F2221ACE3006CADEA /* NetworkStatus.h */ = {isa = PBXFileReference; fileEncoding = 4; lastKnownFileType = sourcecode.c.h; path = NetworkStatus.h; sourceTree = "<group>"; };
		E92255902221ACE3006CADEA /* NetworkService.mm */ = {isa = PBXFileReference; fileEncoding = 4; lastKnownFileType = sourcecode.cpp.objcpp; path = NetworkService.mm; sourceTree = "<group>"; };
		E92255912221ACE3006CADEA /* MarsGate.h */ = {isa = PBXFileReference; fileEncoding = 4; lastKnownFileType = sourcecode.c.h; path = MarsGate.h; sourceTree = "<group>"; };
		E92255922221ACE3006CADEA /* MGPushMessageHandler.m */ = {isa = PBXFileReference; fileEncoding = 4; lastKnownFileType = sourcecode.c.objc; path = MGPushMessageHandler.m; sourceTree = "<group>"; };
		E92255932221ACE3006CADEA /* MGMessenger.mm */ = {isa = PBXFileReference; fileEncoding = 4; lastKnownFileType = sourcecode.cpp.objcpp; path = MGMessenger.mm; sourceTree = "<group>"; };
		E9FAF5E8221EAC5F00DB6567 /* MarsGate.framework */ = {isa = PBXFileReference; explicitFileType = wrapper.framework; includeInIndex = 0; path = MarsGate.framework; sourceTree = BUILT_PRODUCTS_DIR; };
		E9FAF5EC221EAC5F00DB6567 /* Info.plist */ = {isa = PBXFileReference; lastKnownFileType = text.plist.xml; path = Info.plist; sourceTree = "<group>"; };
		E9FAF5F1221EAC5F00DB6567 /* MarsGateTests.xctest */ = {isa = PBXFileReference; explicitFileType = wrapper.cfbundle; includeInIndex = 0; path = MarsGateTests.xctest; sourceTree = BUILT_PRODUCTS_DIR; };
		E9FAF5F6221EAC5F00DB6567 /* MarsGateTests.m */ = {isa = PBXFileReference; lastKnownFileType = sourcecode.c.objc; path = MarsGateTests.m; sourceTree = "<group>"; };
		E9FAF5F8221EAC5F00DB6567 /* Info.plist */ = {isa = PBXFileReference; lastKnownFileType = text.plist.xml; path = Info.plist; sourceTree = "<group>"; };
		E9FAF608221EAD1E00DB6567 /* mars.framework */ = {isa = PBXFileReference; lastKnownFileType = wrapper.framework; path = mars.framework; sourceTree = "<group>"; };
		E9FAF682221EAFD000DB6567 /* StarGate.h */ = {isa = PBXFileReference; lastKnownFileType = sourcecode.c.h; path = StarGate.h; sourceTree = "<group>"; };
		E9FAF68A221EB22D00DB6567 /* CoreTelephony.framework */ = {isa = PBXFileReference; lastKnownFileType = wrapper.framework; name = CoreTelephony.framework; path = System/Library/Frameworks/CoreTelephony.framework; sourceTree = SDKROOT; };
		E9FAF68C221EB24400DB6567 /* libz.tbd */ = {isa = PBXFileReference; lastKnownFileType = "sourcecode.text-based-dylib-definition"; name = libz.tbd; path = usr/lib/libz.tbd; sourceTree = SDKROOT; };
		E9FAF68E221EB26600DB6567 /* libresolv.9.tbd */ = {isa = PBXFileReference; lastKnownFileType = "sourcecode.text-based-dylib-definition"; name = libresolv.9.tbd; path = usr/lib/libresolv.9.tbd; sourceTree = SDKROOT; };
		E9FAF691221EB33900DB6567 /* UIKit.framework */ = {isa = PBXFileReference; lastKnownFileType = wrapper.framework; name = UIKit.framework; path = System/Library/Frameworks/UIKit.framework; sourceTree = SDKROOT; };
/* End PBXFileReference section */

/* Begin PBXFrameworksBuildPhase section */
		E9FAF5E5221EAC5F00DB6567 /* Frameworks */ = {
			isa = PBXFrameworksBuildPhase;
			buildActionMask = 2147483647;
			files = (
				E9FAF609221EAD1E00DB6567 /* mars.framework in Frameworks */,
				E9FAF692221EB33900DB6567 /* UIKit.framework in Frameworks */,
				E9FAF690221EB27B00DB6567 /* CoreTelephony.framework in Frameworks */,
				E9FAF68F221EB26600DB6567 /* libresolv.9.tbd in Frameworks */,
				E9FAF68D221EB24400DB6567 /* libz.tbd in Frameworks */,
			);
			runOnlyForDeploymentPostprocessing = 0;
		};
		E9FAF5EE221EAC5F00DB6567 /* Frameworks */ = {
			isa = PBXFrameworksBuildPhase;
			buildActionMask = 2147483647;
			files = (
				E9FAF5F2221EAC5F00DB6567 /* MarsGate.framework in Frameworks */,
			);
			runOnlyForDeploymentPostprocessing = 0;
		};
/* End PBXFrameworksBuildPhase section */

/* Begin PBXGroup section */
		E922556E2221ACE3006CADEA /* MarsGate */ = {
			isa = PBXGroup;
			children = (
				E92255842221ACE3006CADEA /* Bussiness */,
				E922557F2221ACE3006CADEA /* Component */,
				E92255732221ACE3006CADEA /* PublicComponentV2 */,
				E92255722221ACE3006CADEA /* MGMars.h */,
				E92255712221ACE3006CADEA /* MGMars.mm */,
				E92255702221ACE3006CADEA /* MGMessenger.h */,
				E92255932221ACE3006CADEA /* MGMessenger.mm */,
				E922556F2221ACE3006CADEA /* MGPushMessageHandler.h */,
				E92255922221ACE3006CADEA /* MGPushMessageHandler.m */,
				E92255912221ACE3006CADEA /* MarsGate.h */,
			);
			path = MarsGate;
			sourceTree = "<group>";
		};
		E92255732221ACE3006CADEA /* PublicComponentV2 */ = {
			isa = PBXGroup;
			children = (
				E922557C2221ACE3006CADEA /* app_callback.h */,
				E92255742221ACE3006CADEA /* app_callback.mm */,
				E922557B2221ACE3006CADEA /* longlink_packer.h */,
				E92255772221ACE3006CADEA /* longlink_packer.cc */,
				E92255782221ACE3006CADEA /* longlink_packer.cc.rewriteme */,
				E92255752221ACE3006CADEA /* shortlink_packer.h */,
				E92255762221ACE3006CADEA /* shortlink_packer.cc */,
				E922557D2221ACE3006CADEA /* shortlink_packer.cc.rewriteme */,
				E922557A2221ACE3006CADEA /* stn_callback.h */,
				E92255792221ACE3006CADEA /* stn_callback.mm */,
				E922557E2221ACE3006CADEA /* stnproto_logic.h */,
			);
			path = PublicComponentV2;
			sourceTree = "<group>";
		};
		E922557F2221ACE3006CADEA /* Component */ = {
			isa = PBXGroup;
			children = (
				E92255832221ACE3006CADEA /* LogHelper.h */,
				E92255812221ACE3006CADEA /* LogHelper.mm */,
				E92255822221ACE3006CADEA /* LogUtil.h */,
				E92255802221ACE3006CADEA /* LogUtil.m */,
			);
			path = Component;
			sourceTree = "<group>";
		};
		E92255842221ACE3006CADEA /* Bussiness */ = {
			isa = PBXGroup;
			children = (
				E922558B2221ACE3006CADEA /* CGITask.h */,
				E922558A2221ACE3006CADEA /* CGITask.mm */,
				E922558C2221ACE3006CADEA /* CommandID.h */,
				E92255882221ACE3006CADEA /* NetworkDelegate.h */,
				E922558D2221ACE3006CADEA /* NetworkEvent.h */,
				E92255852221ACE3006CADEA /* NetworkEvent.m */,
				E92255862221ACE3006CADEA /* NetworkService.h */,
				E92255902221ACE3006CADEA /* NetworkService.mm */,
				E922558F2221ACE3006CADEA /* NetworkStatus.h */,
				E92255872221ACE3006CADEA /* NetworkStatus.m */,
				E922558E2221ACE3006CADEA /* PushNotifyDelegate.h */,
				E92255892221ACE3006CADEA /* UINotifyDelegate.h */,
			);
			path = Bussiness;
			sourceTree = "<group>";
		};
		E9FAF5DE221EAC5F00DB6567 = {
			isa = PBXGroup;
			children = (
				E9FAF602221EAC9300DB6567 /* Classes */,
				E9FAF5EA221EAC5F00DB6567 /* MarsGate */,
				E9FAF5F5221EAC5F00DB6567 /* MarsGateTests */,
				E9FAF5E9221EAC5F00DB6567 /* Products */,
				E9FAF605221EAD1300DB6567 /* Frameworks */,
			);
			sourceTree = "<group>";
		};
		E9FAF5E9221EAC5F00DB6567 /* Products */ = {
			isa = PBXGroup;
			children = (
				E9FAF5E8221EAC5F00DB6567 /* MarsGate.framework */,
				E9FAF5F1221EAC5F00DB6567 /* MarsGateTests.xctest */,
			);
			name = Products;
			sourceTree = "<group>";
		};
		E9FAF5EA221EAC5F00DB6567 /* MarsGate */ = {
			isa = PBXGroup;
			children = (
				E9FAF5EC221EAC5F00DB6567 /* Info.plist */,
			);
			path = MarsGate;
			sourceTree = "<group>";
		};
		E9FAF5F5221EAC5F00DB6567 /* MarsGateTests */ = {
			isa = PBXGroup;
			children = (
				E9FAF5F6221EAC5F00DB6567 /* MarsGateTests.m */,
				E9FAF5F8221EAC5F00DB6567 /* Info.plist */,
			);
			path = MarsGateTests;
			sourceTree = "<group>";
		};
		E9FAF602221EAC9300DB6567 /* Classes */ = {
			isa = PBXGroup;
			children = (
				E922556E2221ACE3006CADEA /* MarsGate */,
				E9FAF682221EAFD000DB6567 /* StarGate.h */,
			);
			name = Classes;
			path = ../Classes;
			sourceTree = "<group>";
		};
		E9FAF605221EAD1300DB6567 /* Frameworks */ = {
			isa = PBXGroup;
			children = (
				E9FAF691221EB33900DB6567 /* UIKit.framework */,
				E9FAF68E221EB26600DB6567 /* libresolv.9.tbd */,
				E9FAF68C221EB24400DB6567 /* libz.tbd */,
				E9FAF68A221EB22D00DB6567 /* CoreTelephony.framework */,
				E9FAF608221EAD1E00DB6567 /* mars.framework */,
			);
			name = Frameworks;
			sourceTree = "<group>";
		};
/* End PBXGroup section */

/* Begin PBXHeadersBuildPhase section */
		E9FAF5E3221EAC5F00DB6567 /* Headers */ = {
			isa = PBXHeadersBuildPhase;
			buildActionMask = 2147483647;
			files = (
				E9FAF684221EAFD000DB6567 /* StarGate.h in Headers */,
				E92255972221ACE3006CADEA /* MGMars.h in Headers */,
				E92255A52221ACE3006CADEA /* LogUtil.h in Headers */,
				E92255952221ACE3006CADEA /* MGMessenger.h in Headers */,
				E92255942221ACE3006CADEA /* MGPushMessageHandler.h in Headers */,
				E92255B32221ACE3006CADEA /* MarsGate.h in Headers */,
				E92255A62221ACE3006CADEA /* LogHelper.h in Headers */,
				E92255A02221ACE3006CADEA /* app_callback.h in Headers */,
				E922559F2221ACE3006CADEA /* longlink_packer.h in Headers */,
				E92255992221ACE3006CADEA /* shortlink_packer.h in Headers */,
				E92255A22221ACE3006CADEA /* stnproto_logic.h in Headers */,
				E922559E2221ACE3006CADEA /* stn_callback.h in Headers */,
				E92255AB2221ACE3006CADEA /* UINotifyDelegate.h in Headers */,
				E92255B02221ACE3006CADEA /* PushNotifyDelegate.h in Headers */,
				E92255AA2221ACE3006CADEA /* NetworkDelegate.h in Headers */,
				E92255AF2221ACE3006CADEA /* NetworkEvent.h in Headers */,
				E92255B12221ACE3006CADEA /* NetworkStatus.h in Headers */,
				E92255A82221ACE3006CADEA /* NetworkService.h in Headers */,
				E92255AE2221ACE3006CADEA /* CommandID.h in Headers */,
				E92255AD2221ACE3006CADEA /* CGITask.h in Headers */,
			);
			runOnlyForDeploymentPostprocessing = 0;
		};
/* End PBXHeadersBuildPhase section */

/* Begin PBXNativeTarget section */
		E9FAF5E7221EAC5F00DB6567 /* MarsGate */ = {
			isa = PBXNativeTarget;
			buildConfigurationList = E9FAF5FC221EAC5F00DB6567 /* Build configuration list for PBXNativeTarget "MarsGate" */;
			buildPhases = (
				E9FAF5E3221EAC5F00DB6567 /* Headers */,
				E9FAF5E4221EAC5F00DB6567 /* Sources */,
				E9FAF5E5221EAC5F00DB6567 /* Frameworks */,
				E9FAF5E6221EAC5F00DB6567 /* Resources */,
			);
			buildRules = (
			);
			dependencies = (
			);
			name = MarsGate;
			productName = MarsGate;
			productReference = E9FAF5E8221EAC5F00DB6567 /* MarsGate.framework */;
			productType = "com.apple.product-type.framework";
		};
		E9FAF5F0221EAC5F00DB6567 /* MarsGateTests */ = {
			isa = PBXNativeTarget;
			buildConfigurationList = E9FAF5FF221EAC5F00DB6567 /* Build configuration list for PBXNativeTarget "MarsGateTests" */;
			buildPhases = (
				E9FAF5ED221EAC5F00DB6567 /* Sources */,
				E9FAF5EE221EAC5F00DB6567 /* Frameworks */,
				E9FAF5EF221EAC5F00DB6567 /* Resources */,
			);
			buildRules = (
			);
			dependencies = (
				E9FAF5F4221EAC5F00DB6567 /* PBXTargetDependency */,
			);
			name = MarsGateTests;
			productName = MarsGateTests;
			productReference = E9FAF5F1221EAC5F00DB6567 /* MarsGateTests.xctest */;
			productType = "com.apple.product-type.bundle.unit-test";
		};
/* End PBXNativeTarget section */

/* Begin PBXProject section */
		E9FAF5DF221EAC5F00DB6567 /* Project object */ = {
			isa = PBXProject;
			attributes = {
				LastUpgradeCheck = 1010;
				ORGANIZATIONNAME = "DIM Group";
				TargetAttributes = {
					E9FAF5E7221EAC5F00DB6567 = {
						CreatedOnToolsVersion = 10.1;
					};
					E9FAF5F0221EAC5F00DB6567 = {
						CreatedOnToolsVersion = 10.1;
					};
				};
			};
			buildConfigurationList = E9FAF5E2221EAC5F00DB6567 /* Build configuration list for PBXProject "MarsGate" */;
			compatibilityVersion = "Xcode 9.3";
			developmentRegion = en;
			hasScannedForEncodings = 0;
			knownRegions = (
				en,
			);
			mainGroup = E9FAF5DE221EAC5F00DB6567;
			productRefGroup = E9FAF5E9221EAC5F00DB6567 /* Products */;
			projectDirPath = "";
			projectRoot = "";
			targets = (
				E9FAF5E7221EAC5F00DB6567 /* MarsGate */,
				E9FAF5F0221EAC5F00DB6567 /* MarsGateTests */,
			);
		};
/* End PBXProject section */

/* Begin PBXResourcesBuildPhase section */
		E9FAF5E6221EAC5F00DB6567 /* Resources */ = {
			isa = PBXResourcesBuildPhase;
			buildActionMask = 2147483647;
			files = (
				E92255A12221ACE3006CADEA /* shortlink_packer.cc.rewriteme in Resources */,
				E922559C2221ACE3006CADEA /* longlink_packer.cc.rewriteme in Resources */,
			);
			runOnlyForDeploymentPostprocessing = 0;
		};
		E9FAF5EF221EAC5F00DB6567 /* Resources */ = {
			isa = PBXResourcesBuildPhase;
			buildActionMask = 2147483647;
			files = (
			);
			runOnlyForDeploymentPostprocessing = 0;
		};
/* End PBXResourcesBuildPhase section */

/* Begin PBXSourcesBuildPhase section */
		E9FAF5E4221EAC5F00DB6567 /* Sources */ = {
			isa = PBXSourcesBuildPhase;
			buildActionMask = 2147483647;
			files = (
				E92255AC2221ACE3006CADEA /* CGITask.mm in Sources */,
				E92255982221ACE3006CADEA /* app_callback.mm in Sources */,
				E92255A42221ACE3006CADEA /* LogHelper.mm in Sources */,
				E922559B2221ACE3006CADEA /* longlink_packer.cc in Sources */,
				E92255A32221ACE3006CADEA /* LogUtil.m in Sources */,
				E922559A2221ACE3006CADEA /* shortlink_packer.cc in Sources */,
				E92255B22221ACE3006CADEA /* NetworkService.mm in Sources */,
				E92255A92221ACE3006CADEA /* NetworkStatus.m in Sources */,
				E92255B52221ACE3006CADEA /* MGMessenger.mm in Sources */,
				E92255B42221ACE3006CADEA /* MGPushMessageHandler.m in Sources */,
				E92255A72221ACE3006CADEA /* NetworkEvent.m in Sources */,
				E922559D2221ACE3006CADEA /* stn_callback.mm in Sources */,
				E92255962221ACE3006CADEA /* MGMars.mm in Sources */,
			);
			runOnlyForDeploymentPostprocessing = 0;
		};
		E9FAF5ED221EAC5F00DB6567 /* Sources */ = {
			isa = PBXSourcesBuildPhase;
			buildActionMask = 2147483647;
			files = (
				E9FAF5F7221EAC5F00DB6567 /* MarsGateTests.m in Sources */,
			);
			runOnlyForDeploymentPostprocessing = 0;
		};
/* End PBXSourcesBuildPhase section */

/* Begin PBXTargetDependency section */
		E9FAF5F4221EAC5F00DB6567 /* PBXTargetDependency */ = {
			isa = PBXTargetDependency;
			target = E9FAF5E7221EAC5F00DB6567 /* MarsGate */;
			targetProxy = E9FAF5F3221EAC5F00DB6567 /* PBXContainerItemProxy */;
		};
/* End PBXTargetDependency section */

/* Begin XCBuildConfiguration section */
		E9FAF5FA221EAC5F00DB6567 /* Debug */ = {
			isa = XCBuildConfiguration;
			buildSettings = {
				ALWAYS_SEARCH_USER_PATHS = NO;
				CLANG_ANALYZER_NONNULL = YES;
				CLANG_ANALYZER_NUMBER_OBJECT_CONVERSION = YES_AGGRESSIVE;
				CLANG_CXX_LANGUAGE_STANDARD = "gnu++14";
				CLANG_CXX_LIBRARY = "libc++";
				CLANG_ENABLE_MODULES = YES;
				CLANG_ENABLE_OBJC_ARC = YES;
				CLANG_ENABLE_OBJC_WEAK = YES;
				CLANG_WARN_BLOCK_CAPTURE_AUTORELEASING = YES;
				CLANG_WARN_BOOL_CONVERSION = YES;
				CLANG_WARN_COMMA = YES;
				CLANG_WARN_CONSTANT_CONVERSION = YES;
				CLANG_WARN_DEPRECATED_OBJC_IMPLEMENTATIONS = YES;
				CLANG_WARN_DIRECT_OBJC_ISA_USAGE = YES_ERROR;
				CLANG_WARN_DOCUMENTATION_COMMENTS = YES;
				CLANG_WARN_EMPTY_BODY = YES;
				CLANG_WARN_ENUM_CONVERSION = YES;
				CLANG_WARN_INFINITE_RECURSION = YES;
				CLANG_WARN_INT_CONVERSION = YES;
				CLANG_WARN_NON_LITERAL_NULL_CONVERSION = YES;
				CLANG_WARN_OBJC_IMPLICIT_RETAIN_SELF = YES;
				CLANG_WARN_OBJC_LITERAL_CONVERSION = YES;
				CLANG_WARN_OBJC_ROOT_CLASS = YES_ERROR;
				CLANG_WARN_RANGE_LOOP_ANALYSIS = YES;
				CLANG_WARN_STRICT_PROTOTYPES = YES;
				CLANG_WARN_SUSPICIOUS_MOVE = YES;
				CLANG_WARN_UNGUARDED_AVAILABILITY = YES_AGGRESSIVE;
				CLANG_WARN_UNREACHABLE_CODE = YES;
				CLANG_WARN__DUPLICATE_METHOD_MATCH = YES;
				CODE_SIGN_IDENTITY = "iPhone Developer";
				COPY_PHASE_STRIP = NO;
				CURRENT_PROJECT_VERSION = 1;
				DEBUG_INFORMATION_FORMAT = dwarf;
				ENABLE_STRICT_OBJC_MSGSEND = YES;
				ENABLE_TESTABILITY = YES;
				GCC_C_LANGUAGE_STANDARD = gnu11;
				GCC_DYNAMIC_NO_PIC = NO;
				GCC_NO_COMMON_BLOCKS = YES;
				GCC_OPTIMIZATION_LEVEL = 0;
				GCC_PREPROCESSOR_DEFINITIONS = (
					"DEBUG=1",
					"$(inherited)",
				);
				GCC_WARN_64_TO_32_BIT_CONVERSION = YES;
				GCC_WARN_ABOUT_RETURN_TYPE = YES_ERROR;
				GCC_WARN_UNDECLARED_SELECTOR = YES;
				GCC_WARN_UNINITIALIZED_AUTOS = YES_AGGRESSIVE;
				GCC_WARN_UNUSED_FUNCTION = YES;
				GCC_WARN_UNUSED_VARIABLE = YES;
				IPHONEOS_DEPLOYMENT_TARGET = 12.1;
				MTL_ENABLE_DEBUG_INFO = INCLUDE_SOURCE;
				MTL_FAST_MATH = YES;
				ONLY_ACTIVE_ARCH = YES;
				SDKROOT = iphoneos;
				VERSIONING_SYSTEM = "apple-generic";
				VERSION_INFO_PREFIX = "";
			};
			name = Debug;
		};
		E9FAF5FB221EAC5F00DB6567 /* Release */ = {
			isa = XCBuildConfiguration;
			buildSettings = {
				ALWAYS_SEARCH_USER_PATHS = NO;
				CLANG_ANALYZER_NONNULL = YES;
				CLANG_ANALYZER_NUMBER_OBJECT_CONVERSION = YES_AGGRESSIVE;
				CLANG_CXX_LANGUAGE_STANDARD = "gnu++14";
				CLANG_CXX_LIBRARY = "libc++";
				CLANG_ENABLE_MODULES = YES;
				CLANG_ENABLE_OBJC_ARC = YES;
				CLANG_ENABLE_OBJC_WEAK = YES;
				CLANG_WARN_BLOCK_CAPTURE_AUTORELEASING = YES;
				CLANG_WARN_BOOL_CONVERSION = YES;
				CLANG_WARN_COMMA = YES;
				CLANG_WARN_CONSTANT_CONVERSION = YES;
				CLANG_WARN_DEPRECATED_OBJC_IMPLEMENTATIONS = YES;
				CLANG_WARN_DIRECT_OBJC_ISA_USAGE = YES_ERROR;
				CLANG_WARN_DOCUMENTATION_COMMENTS = YES;
				CLANG_WARN_EMPTY_BODY = YES;
				CLANG_WARN_ENUM_CONVERSION = YES;
				CLANG_WARN_INFINITE_RECURSION = YES;
				CLANG_WARN_INT_CONVERSION = YES;
				CLANG_WARN_NON_LITERAL_NULL_CONVERSION = YES;
				CLANG_WARN_OBJC_IMPLICIT_RETAIN_SELF = YES;
				CLANG_WARN_OBJC_LITERAL_CONVERSION = YES;
				CLANG_WARN_OBJC_ROOT_CLASS = YES_ERROR;
				CLANG_WARN_RANGE_LOOP_ANALYSIS = YES;
				CLANG_WARN_STRICT_PROTOTYPES = YES;
				CLANG_WARN_SUSPICIOUS_MOVE = YES;
				CLANG_WARN_UNGUARDED_AVAILABILITY = YES_AGGRESSIVE;
				CLANG_WARN_UNREACHABLE_CODE = YES;
				CLANG_WARN__DUPLICATE_METHOD_MATCH = YES;
				CODE_SIGN_IDENTITY = "iPhone Developer";
				COPY_PHASE_STRIP = NO;
				CURRENT_PROJECT_VERSION = 1;
				DEBUG_INFORMATION_FORMAT = "dwarf-with-dsym";
				ENABLE_NS_ASSERTIONS = NO;
				ENABLE_STRICT_OBJC_MSGSEND = YES;
				GCC_C_LANGUAGE_STANDARD = gnu11;
				GCC_NO_COMMON_BLOCKS = YES;
				GCC_WARN_64_TO_32_BIT_CONVERSION = YES;
				GCC_WARN_ABOUT_RETURN_TYPE = YES_ERROR;
				GCC_WARN_UNDECLARED_SELECTOR = YES;
				GCC_WARN_UNINITIALIZED_AUTOS = YES_AGGRESSIVE;
				GCC_WARN_UNUSED_FUNCTION = YES;
				GCC_WARN_UNUSED_VARIABLE = YES;
				IPHONEOS_DEPLOYMENT_TARGET = 12.1;
				MTL_ENABLE_DEBUG_INFO = NO;
				MTL_FAST_MATH = YES;
				SDKROOT = iphoneos;
				VALIDATE_PRODUCT = YES;
				VERSIONING_SYSTEM = "apple-generic";
				VERSION_INFO_PREFIX = "";
			};
			name = Release;
		};
		E9FAF5FD221EAC5F00DB6567 /* Debug */ = {
			isa = XCBuildConfiguration;
			buildSettings = {
				CODE_SIGN_IDENTITY = "";
				CODE_SIGN_STYLE = Automatic;
				DEFINES_MODULE = YES;
				DEVELOPMENT_TEAM = JUVC7SZJE7;
				DYLIB_COMPATIBILITY_VERSION = 1;
				DYLIB_CURRENT_VERSION = 1;
				DYLIB_INSTALL_NAME_BASE = "@rpath";
				ENABLE_BITCODE = YES;
				FRAMEWORK_SEARCH_PATHS = (
					"$(inherited)",
					"$(PROJECT_DIR)",
				);
				HEADER_SEARCH_PATHS = "";
				INFOPLIST_FILE = MarsGate/Info.plist;
				INSTALL_PATH = "$(LOCAL_LIBRARY_DIR)/Frameworks";
				IPHONEOS_DEPLOYMENT_TARGET = 11.0;
				LD_RUNPATH_SEARCH_PATHS = (
					"$(inherited)",
					"@executable_path/Frameworks",
					"@loader_path/Frameworks",
				);
				PRODUCT_BUNDLE_IDENTIFIER = DIM.MarsGate;
				PRODUCT_NAME = "$(TARGET_NAME:c99extidentifier)";
				SKIP_INSTALL = YES;
				TARGETED_DEVICE_FAMILY = "1,2";
			};
			name = Debug;
		};
		E9FAF5FE221EAC5F00DB6567 /* Release */ = {
			isa = XCBuildConfiguration;
			buildSettings = {
				CODE_SIGN_IDENTITY = "";
				CODE_SIGN_STYLE = Automatic;
				DEFINES_MODULE = YES;
				DEVELOPMENT_TEAM = JUVC7SZJE7;
				DYLIB_COMPATIBILITY_VERSION = 1;
				DYLIB_CURRENT_VERSION = 1;
				DYLIB_INSTALL_NAME_BASE = "@rpath";
				ENABLE_BITCODE = YES;
				FRAMEWORK_SEARCH_PATHS = (
					"$(inherited)",
					"$(PROJECT_DIR)",
				);
				HEADER_SEARCH_PATHS = "";
				INFOPLIST_FILE = MarsGate/Info.plist;
				INSTALL_PATH = "$(LOCAL_LIBRARY_DIR)/Frameworks";
				IPHONEOS_DEPLOYMENT_TARGET = 11.0;
				LD_RUNPATH_SEARCH_PATHS = (
					"$(inherited)",
					"@executable_path/Frameworks",
					"@loader_path/Frameworks",
				);
				PRODUCT_BUNDLE_IDENTIFIER = DIM.MarsGate;
				PRODUCT_NAME = "$(TARGET_NAME:c99extidentifier)";
				SKIP_INSTALL = YES;
				TARGETED_DEVICE_FAMILY = "1,2";
			};
			name = Release;
		};
		E9FAF600221EAC5F00DB6567 /* Debug */ = {
			isa = XCBuildConfiguration;
			buildSettings = {
				CODE_SIGN_STYLE = Automatic;
				DEVELOPMENT_TEAM = JUVC7SZJE7;
				INFOPLIST_FILE = MarsGateTests/Info.plist;
				LD_RUNPATH_SEARCH_PATHS = (
					"$(inherited)",
					"@executable_path/Frameworks",
					"@loader_path/Frameworks",
				);
				PRODUCT_BUNDLE_IDENTIFIER = DIM.MarsGateTests;
				PRODUCT_NAME = "$(TARGET_NAME)";
				TARGETED_DEVICE_FAMILY = "1,2";
			};
			name = Debug;
		};
		E9FAF601221EAC5F00DB6567 /* Release */ = {
			isa = XCBuildConfiguration;
			buildSettings = {
				CODE_SIGN_STYLE = Automatic;
				DEVELOPMENT_TEAM = JUVC7SZJE7;
				INFOPLIST_FILE = MarsGateTests/Info.plist;
				LD_RUNPATH_SEARCH_PATHS = (
					"$(inherited)",
					"@executable_path/Frameworks",
					"@loader_path/Frameworks",
				);
				PRODUCT_BUNDLE_IDENTIFIER = DIM.MarsGateTests;
				PRODUCT_NAME = "$(TARGET_NAME)";
				TARGETED_DEVICE_FAMILY = "1,2";
			};
			name = Release;
		};
/* End XCBuildConfiguration section */

/* Begin XCConfigurationList section */
		E9FAF5E2221EAC5F00DB6567 /* Build configuration list for PBXProject "MarsGate" */ = {
			isa = XCConfigurationList;
			buildConfigurations = (
				E9FAF5FA221EAC5F00DB6567 /* Debug */,
				E9FAF5FB221EAC5F00DB6567 /* Release */,
			);
			defaultConfigurationIsVisible = 0;
			defaultConfigurationName = Release;
		};
		E9FAF5FC221EAC5F00DB6567 /* Build configuration list for PBXNativeTarget "MarsGate" */ = {
			isa = XCConfigurationList;
			buildConfigurations = (
				E9FAF5FD221EAC5F00DB6567 /* Debug */,
				E9FAF5FE221EAC5F00DB6567 /* Release */,
			);
			defaultConfigurationIsVisible = 0;
			defaultConfigurationName = Release;
		};
		E9FAF5FF221EAC5F00DB6567 /* Build configuration list for PBXNativeTarget "MarsGateTests" */ = {
			isa = XCConfigurationList;
			buildConfigurations = (
				E9FAF600221EAC5F00DB6567 /* Debug */,
				E9FAF601221EAC5F00DB6567 /* Release */,
			);
			defaultConfigurationIsVisible = 0;
			defaultConfigurationName = Release;
		};
/* End XCConfigurationList section */
	};
	rootObject = E9FAF5DF221EAC5F00DB6567 /* Project object */;
}
